
Microsoft Visual Studio Solution File, Format Version 12.00
# Visual Studio 15
VisualStudioVersion = 15.0.27004.2009
MinimumVisualStudioVersion = 10.0.40219.1
Project("{FAE04EC0-301F-11D3-BF4B-00C04F79EFBC}") = "Send", "Send\Send.csproj", "{5E7A8FA5-7101-47AB-BB14-FA9880D15875}"
EndProject
Project("{FAE04EC0-301F-11D3-BF4B-00C04F79EFBC}") = "Receive", "Receive\Receive.csproj", "{06C0816F-F9D4-4CEA-B923-6D06380EA9FB}"
EndProject
Project("{FAE04EC0-301F-11D3-BF4B-00C04F79EFBC}") = "Model", "Model\Model.csproj", "{B310156D-67EF-48B8-B96C-E860D17E2693}"
EndProject
Global
	GlobalSection(SolutionConfigurationPlatforms) = preSolution
		Debug|Any CPU = Debug|Any CPU
		Release|Any CPU = Release|Any CPU
	EndGlobalSection
	GlobalSection(ProjectConfigurationPlatforms) = postSolution
		{5E7A8FA5-7101-47AB-BB14-FA9880D15875}.Debug|Any CPU.ActiveCfg = Debug|Any CPU
		{5E7A8FA5-7101-47AB-BB14-FA9880D15875}.Debug|Any CPU.Build.0 = Debug|Any CPU
		{5E7A8FA5-7101-47AB-BB14-FA9880D15875}.Release|Any CPU.ActiveCfg = Release|Any CPU
		{5E7A8FA5-7101-47AB-BB14-FA9880D15875}.Release|Any CPU.Build.0 = Release|Any CPU
		{06C0816F-F9D4-4CEA-B923-6D06380EA9FB}.Debug|Any CPU.ActiveCfg = Debug|Any CPU
		{06C0816F-F9D4-4CEA-B923-6D06380EA9FB}.Debug|Any CPU.Build.0 = Debug|Any CPU
		{06C0816F-F9D4-4CEA-B923-6D06380EA9FB}.Release|Any CPU.ActiveCfg = Release|Any CPU
		{06C0816F-F9D4-4CEA-B923-6D06380EA9FB}.Release|Any CPU.Build.0 = Release|Any CPU
		{B310156D-67EF-48B8-B96C-E860D17E2693}.Debug|Any CPU.ActiveCfg = Debug|Any CPU
		{B310156D-67EF-48B8-B96C-E860D17E2693}.Debug|Any CPU.Build.0 = Debug|Any CPU
		{B310156D-67EF-48B8-B96C-E860D17E2693}.Release|Any CPU.ActiveCfg = Release|Any CPU
		{B310156D-67EF-48B8-B96C-E860D17E2693}.Release|Any CPU.Build.0 = Release|Any CPU
	EndGlobalSection
	GlobalSection(SolutionProperties) = preSolution
		HideSolutionNode = FALSE
	EndGlobalSection
	GlobalSection(ExtensibilityGlobals) = postSolution
		SolutionGuid = {1EE599D9-6006-4152-B66A-A041F09528A9}
	EndGlobalSection
EndGlobal
